# @generated by Move, please check-in and do not edit manually.

[move]
version = 3
manifest_digest = "32650F06658D62F2376DF7A83771D0076D35990F200E59F327CB353FD14B57A1"
deps_digest = "F8BBB0CCB2491CA29A3DF03D6F92277A4F3574266507ACD77214D37ECA3F3082"
dependencies = [
  { id = "Sui", name = "Sui" },
]

[[move.package]]
id = "MoveStdlib"
source = { git = "https://github.com/MystenLabs/sui.git", rev = "framework/devnet", subdir = "crates/sui-framework/packages/move-stdlib" }

[[move.package]]
id = "Sui"
source = { git = "https://github.com/MystenLabs/sui.git", rev = "framework/devnet", subdir = "crates/sui-framework/packages/sui-framework" }

dependencies = [
  { id = "MoveStdlib", name = "MoveStdlib" },
]

[move.toolchain-version]
compiler-version = "1.57.2"
edition = "2024.beta"
flavor = "sui"

[env]

[env.testnet]
chain-id = "4c78adac"
original-published-id = "0xbcdb693ee0c3a3b66f0c302d1cb2ecf3606398380907409b92133c29eeca3c24"
latest-published-id = "0xbcdb693ee0c3a3b66f0c302d1cb2ecf3606398380907409b92133c29eeca3c24"
published-version = "1"
